
Microsoft Visual Studio Solution File, Format Version 12.00
# Visual Studio Version 17
VisualStudioVersion = 17.3.32804.467
MinimumVisualStudioVersion = 10.0.40219.1
Project("{2150E333-8FDC-42A3-9474-1A3956D46DE8}") = "Gateways", "Gateways", "{F31A102D-412C-4BB9-B465-A6D7FD0414A4}"
EndProject
Project("{2150E333-8FDC-42A3-9474-1A3956D46DE8}") = "Services", "Services", "{F033D81D-7177-4B4F-AF6A-B8B1729BB94A}"
EndProject
Project("{2150E333-8FDC-42A3-9474-1A3956D46DE8}") = "NotificationService", "NotificationService", "{C60DFABE-15E4-42AA-9FAA-39A1C581CFEE}"
	ProjectSection(SolutionItems) = preProject
		src\Services\NotificationService\Dockerfile = src\Services\NotificationService\Dockerfile
	EndProjectSection
EndProject
Project("{9A19103F-16F7-4668-BE54-9A1E7A4F7556}") = "Notification.API", "src\Services\NotificationService\Notification.API\Notification.API.csproj", "{BCC793C2-FF1B-4730-9984-8F3A82CF9054}"
EndProject
Project("{9A19103F-16F7-4668-BE54-9A1E7A4F7556}") = "Notification.Email.SendGrid", "src\Services\NotificationService\Notification.Email.SendGrid\Notification.Email.SendGrid.csproj", "{58BD3823-E72B-4CD1-9B8D-D72B5A3DB3D8}"
EndProject
Project("{9A19103F-16F7-4668-BE54-9A1E7A4F7556}") = "Notification.Email.MailKit", "src\Services\NotificationService\Notification.Email.MailKit\Notification.Email.MailKit.csproj", "{58E4C4F7-FA0A-457E-9644-A72E04235C05}"
EndProject
Project("{2150E333-8FDC-42A3-9474-1A3956D46DE8}") = "Shared", "Shared", "{BB9A88FA-5D87-4811-88DC-EE8A045E10E8}"
EndProject
Project("{9A19103F-16F7-4668-BE54-9A1E7A4F7556}") = "Notification.Core", "src\Services\NotificationService\Notification.Core\Notification.Core.csproj", "{3CAA13FA-3F69-4B46-9CE0-88E4EAA77972}"
EndProject
Project("{9A19103F-16F7-4668-BE54-9A1E7A4F7556}") = "Notification.Contract", "src\Services\NotificationService\Notification.Contracts\Notification.Contract.csproj", "{66FAC128-F8BF-4545-8819-5EAC860F7F3D}"
EndProject
Project("{2150E333-8FDC-42A3-9474-1A3956D46DE8}") = "Solution Items", "Solution Items", "{D59C37AD-0805-45F3-B0DE-78933E4FB3D9}"
	ProjectSection(SolutionItems) = preProject
		src\Docker-compose.yml = src\Docker-compose.yml
	EndProjectSection
EndProject
Project("{9A19103F-16F7-4668-BE54-9A1E7A4F7556}") = "Exceptions", "src\Shared\Exceptions\Exceptions.csproj", "{5C01BCB0-A371-4AAE-9785-0499DD97A37B}"
EndProject
Project("{9A19103F-16F7-4668-BE54-9A1E7A4F7556}") = "Enums", "src\Shared\Enums\Enums.csproj", "{615D2381-E055-4E2C-88BF-E690B56EDEC8}"
EndProject
Project("{2150E333-8FDC-42A3-9474-1A3956D46DE8}") = "AuthenticationService", "AuthenticationService", "{559B8B3A-48A6-4EE4-92EB-EE9E0AC0117B}"
	ProjectSection(SolutionItems) = preProject
		src\Services\AuthenticationService\Dockerfile = src\Services\AuthenticationService\Dockerfile
	EndProjectSection
EndProject
Project("{9A19103F-16F7-4668-BE54-9A1E7A4F7556}") = "Models", "src\Shared\Models\Models.csproj", "{93EE4C4F-EE16-4E56-8381-36C63325A290}"
EndProject
Project("{9A19103F-16F7-4668-BE54-9A1E7A4F7556}") = "Messages", "src\Shared\Messages\Messages.csproj", "{82BBDDE2-6015-4258-B508-DADA634041B3}"
EndProject
Project("{9A19103F-16F7-4668-BE54-9A1E7A4F7556}") = "Configurations", "src\Shared\Configurations\Configurations.csproj", "{9F7978A5-A356-4FD4-84F1-50717ECB7DD4}"
EndProject
Project("{9A19103F-16F7-4668-BE54-9A1E7A4F7556}") = "Authentication.API", "src\Services\AuthenticationService\Authentication.API\Authentication.API.csproj", "{807FC5DA-EF93-4222-9830-3A6AAC46F7CA}"
EndProject
Project("{9A19103F-16F7-4668-BE54-9A1E7A4F7556}") = "Authentication.Contract", "src\Services\AuthenticationService\Authentication.Contract\Authentication.Contract.csproj", "{E14EAA43-AB37-4E20-B880-15EA53736BEE}"
EndProject
Project("{9A19103F-16F7-4668-BE54-9A1E7A4F7556}") = "Authentication.Core", "src\Services\AuthenticationService\Authentication.Core\Authentication.Core.csproj", "{810FFE11-0674-4BD3-881F-258905FE1C57}"
EndProject
Project("{9A19103F-16F7-4668-BE54-9A1E7A4F7556}") = "Authentication.Data", "src\Services\AuthenticationService\Authentication.Data\Authentication.Data.csproj", "{2527B7E3-5DC6-4F7E-A33F-54156C674092}"
EndProject
Project("{9A19103F-16F7-4668-BE54-9A1E7A4F7556}") = "Authentication.Domain", "src\Services\AuthenticationService\Authentication.Domain\Authentication.Domain.csproj", "{12B96B9D-2866-47F8-B3A4-5C128F8A46CA}"
EndProject
Project("{9A19103F-16F7-4668-BE54-9A1E7A4F7556}") = "Gateway", "src\Gateways\Gateway\Gateway.csproj", "{D49CD6B2-A49E-4661-B89D-FD879BD9D335}"
EndProject
Project("{9A19103F-16F7-4668-BE54-9A1E7A4F7556}") = "Infrastructure", "src\Shared\Infrastructure\Infrastructure.csproj", "{CEB58486-8E11-4149-B6B3-B0EB7D7BD560}"
EndProject
Project("{2150E333-8FDC-42A3-9474-1A3956D46DE8}") = "UserService", "UserService", "{F4ABB2CE-A552-47EB-B704-B27CDADAA38F}"
	ProjectSection(SolutionItems) = preProject
		src\Services\UserService\Dockerfile = src\Services\UserService\Dockerfile
	EndProjectSection
EndProject
Project("{9A19103F-16F7-4668-BE54-9A1E7A4F7556}") = "User.API", "src\Services\UserService\User.API\User.API.csproj", "{C7CD4997-1B2B-47F2-B9A6-8FCEDE9E7806}"
EndProject
Project("{9A19103F-16F7-4668-BE54-9A1E7A4F7556}") = "User.Contract", "src\Services\UserService\User.Contract\User.Contract.csproj", "{A57AA143-6BDA-4D00-B0B4-AFE552E0959C}"
EndProject
Project("{9A19103F-16F7-4668-BE54-9A1E7A4F7556}") = "User.Domain", "src\Services\UserService\User.Domain\User.Domain.csproj", "{3AFB9F43-AC18-42A8-97BB-B32140B8F576}"
EndProject
Project("{9A19103F-16F7-4668-BE54-9A1E7A4F7556}") = "User.Data", "src\Services\UserService\User.Data\User.Data.csproj", "{FC559EF1-0734-4BBC-AD7C-626D49345452}"
EndProject
Project("{9A19103F-16F7-4668-BE54-9A1E7A4F7556}") = "User.Core", "src\Services\UserService\User.Core\User.Core.csproj", "{D7E8B5BB-11D4-412A-BC7D-DE5B3E57DBD5}"
EndProject
Project("{9A19103F-16F7-4668-BE54-9A1E7A4F7556}") = "BlobStorage", "src\Shared\BlobStorage\BlobStorage.csproj", "{CC9E411E-8A9E-4FD7-863F-3946BE377E8F}"
EndProject
Project("{2150E333-8FDC-42A3-9474-1A3956D46DE8}") = "Tests", "Tests", "{FF790A4F-D843-48FC-B4FC-828A24FFF53F}"
EndProject
Project("{2150E333-8FDC-42A3-9474-1A3956D46DE8}") = "Services", "Services", "{3EAA3EE2-6868-49C7-9E4E-ED71A47A51E3}"
EndProject
Project("{9A19103F-16F7-4668-BE54-9A1E7A4F7556}") = "AuthenticationService.Tests", "src\Tests\Services\AuthenticationService.Tests\AuthenticationService.Tests.csproj", "{B0697645-B198-4389-9973-D6D13DD9C44D}"
EndProject
Project("{9A19103F-16F7-4668-BE54-9A1E7A4F7556}") = "NotificationService.Tests", "src\Tests\Services\NotificationService.Tests\NotificationService.Tests.csproj", "{9A12105A-F9DA-4CE0-981C-513F38FED4B3}"
EndProject
Project("{9A19103F-16F7-4668-BE54-9A1E7A4F7556}") = "UserService.Tests", "src\Tests\Services\UserService\UserService.Tests.csproj", "{04AC7FE5-9B72-4B75-B0D9-33E13F185C1F}"
EndProject
Project("{2150E333-8FDC-42A3-9474-1A3956D46DE8}") = "MediaInfoService", "MediaInfoService", "{297C0FC0-4091-4975-8539-011C934DFD40}"
	ProjectSection(SolutionItems) = preProject
		src\Services\MediaInfoService\Dockerfile = src\Services\MediaInfoService\Dockerfile
	EndProjectSection
EndProject
Project("{9A19103F-16F7-4668-BE54-9A1E7A4F7556}") = "MediaInfo.API", "src\Services\MediaInfoService\MediaInfo.API\MediaInfo.API.csproj", "{722DBEC6-5E13-4E92-84F3-B9B1D9DCE3D9}"
EndProject
Project("{9A19103F-16F7-4668-BE54-9A1E7A4F7556}") = "MediaInfo.Data", "src\Services\MediaInfoService\MediaInfo.Data\MediaInfo.Data.csproj", "{A9636116-ADF7-4DAF-A6E8-42E0DAA4AFD6}"
EndProject
Project("{9A19103F-16F7-4668-BE54-9A1E7A4F7556}") = "MediaInfo.Contract", "src\Services\MediaInfoService\MediaInfo.Contract\MediaInfo.Contract.csproj", "{E8255E95-E69E-4EA0-B6D1-1625C5A9F804}"
EndProject
Project("{9A19103F-16F7-4668-BE54-9A1E7A4F7556}") = "MediaInfo.Domain", "src\Services\MediaInfoService\MediaInfo.Domain\MediaInfo.Domain.csproj", "{0D29CC96-EC8E-4DED-A6FA-31170FCD6376}"
EndProject
Project("{9A19103F-16F7-4668-BE54-9A1E7A4F7556}") = "MediaInfo.Core", "src\Services\MediaInfoService\MediaInfo.Core\MediaInfo.Core.csproj", "{2E6CFBD2-4FE6-47BA-9D60-105F9D8DF967}"
EndProject
Project("{2150E333-8FDC-42A3-9474-1A3956D46DE8}") = "MediaService", "MediaService", "{E609B3C5-351D-45BD-BBFF-D0145C8440FB}"
	ProjectSection(SolutionItems) = preProject
		src\Services\MediaService\Dockerfile = src\Services\MediaService\Dockerfile
	EndProjectSection
EndProject
Project("{9A19103F-16F7-4668-BE54-9A1E7A4F7556}") = "Media.API", "src\Services\MediaService\Media.API\Media.API.csproj", "{DFCFD0CF-4261-47C4-946D-CB810780AD70}"
EndProject
Project("{9A19103F-16F7-4668-BE54-9A1E7A4F7556}") = "Media.Contract", "src\Services\MediaService\Media.Contract\Media.Contract.csproj", "{E0DE1ECC-3956-45F7-AB99-7BD6AC765D87}"
EndProject
Project("{9A19103F-16F7-4668-BE54-9A1E7A4F7556}") = "Media.Data", "src\Services\MediaService\Media.Data\Media.Data.csproj", "{6136CA32-F694-4239-B6CF-F2A0F3AC775F}"
EndProject
Project("{9A19103F-16F7-4668-BE54-9A1E7A4F7556}") = "Media.Core", "src\Services\MediaService\Media.Core\Media.Core.csproj", "{3BFFDA79-54A7-4030-871F-EF5B9DA024B3}"
EndProject
Project("{9A19103F-16F7-4668-BE54-9A1E7A4F7556}") = "Media.Domain", "src\Services\MediaService\Media.Domain\Media.Domain.csproj", "{8B0BDB80-5D30-42AC-BAC0-0DAC30357F8F}"
EndProject
Project("{2150E333-8FDC-42A3-9474-1A3956D46DE8}") = "CommentService", "CommentService", "{FF722346-D8A7-46EF-9857-5536F87E1AF0}"
EndProject
Project("{9A19103F-16F7-4668-BE54-9A1E7A4F7556}") = "Comment.API", "src\Services\CommentService\Comment.API\Comment.API.csproj", "{50A6028D-B3F7-45E9-AF78-49DFE1EED638}"
EndProject
Project("{9A19103F-16F7-4668-BE54-9A1E7A4F7556}") = "Comment.Contract", "src\Services\CommentService\Comment.Contract\Comment.Contract.csproj", "{2BF1F252-D750-4558-83DE-4F4F062125A7}"
EndProject
Project("{9A19103F-16F7-4668-BE54-9A1E7A4F7556}") = "Comment.Core", "src\Services\CommentService\Comment.Core\Comment.Core.csproj", "{35EFA4BA-C94D-4E17-B29C-1E83F6F738C1}"
EndProject
Project("{9A19103F-16F7-4668-BE54-9A1E7A4F7556}") = "Comment.Data", "src\Services\CommentService\Comment.Data\Comment.Data.csproj", "{CF000177-93DD-40E7-A987-57313D4488CD}"
EndProject
Project("{9A19103F-16F7-4668-BE54-9A1E7A4F7556}") = "Comment.Domain", "src\Services\CommentService\Comment.Domain\Comment.Domain.csproj", "{3FC7D11A-7C16-4157-A599-02DD53CCFE40}"
EndProject
Project("{9A19103F-16F7-4668-BE54-9A1E7A4F7556}") = "CommentService.Tests", "src\Tests\Services\CommentService.Tests\CommentService.Tests.csproj", "{C55BB71E-8E21-4478-9D1F-9C0C6F2E9AA3}"
EndProject
Project("{9A19103F-16F7-4668-BE54-9A1E7A4F7556}") = "MediaService.Tests", "src\Tests\Services\MediaService.Tests\MediaService.Tests.csproj", "{43306625-29BF-460C-96ED-8FB307DC3685}"
EndProject
Project("{9A19103F-16F7-4668-BE54-9A1E7A4F7556}") = "MediaInfoService.Tests", "src\Tests\Services\MediaInfoService.Tests\MediaInfoService.Tests.csproj", "{248AB1DB-4C1A-43C1-AC6C-7BB56014C398}"
EndProject
Global
	GlobalSection(SolutionConfigurationPlatforms) = preSolution
		Debug|Any CPU = Debug|Any CPU
		Release|Any CPU = Release|Any CPU
	EndGlobalSection
	GlobalSection(ProjectConfigurationPlatforms) = postSolution
		{BCC793C2-FF1B-4730-9984-8F3A82CF9054}.Debug|Any CPU.ActiveCfg = Debug|Any CPU
		{BCC793C2-FF1B-4730-9984-8F3A82CF9054}.Debug|Any CPU.Build.0 = Debug|Any CPU
		{BCC793C2-FF1B-4730-9984-8F3A82CF9054}.Release|Any CPU.ActiveCfg = Release|Any CPU
		{BCC793C2-FF1B-4730-9984-8F3A82CF9054}.Release|Any CPU.Build.0 = Release|Any CPU
		{58BD3823-E72B-4CD1-9B8D-D72B5A3DB3D8}.Debug|Any CPU.ActiveCfg = Debug|Any CPU
		{58BD3823-E72B-4CD1-9B8D-D72B5A3DB3D8}.Debug|Any CPU.Build.0 = Debug|Any CPU
		{58BD3823-E72B-4CD1-9B8D-D72B5A3DB3D8}.Release|Any CPU.ActiveCfg = Release|Any CPU
		{58BD3823-E72B-4CD1-9B8D-D72B5A3DB3D8}.Release|Any CPU.Build.0 = Release|Any CPU
		{58E4C4F7-FA0A-457E-9644-A72E04235C05}.Debug|Any CPU.ActiveCfg = Debug|Any CPU
		{58E4C4F7-FA0A-457E-9644-A72E04235C05}.Debug|Any CPU.Build.0 = Debug|Any CPU
		{58E4C4F7-FA0A-457E-9644-A72E04235C05}.Release|Any CPU.ActiveCfg = Release|Any CPU
		{58E4C4F7-FA0A-457E-9644-A72E04235C05}.Release|Any CPU.Build.0 = Release|Any CPU
		{3CAA13FA-3F69-4B46-9CE0-88E4EAA77972}.Debug|Any CPU.ActiveCfg = Debug|Any CPU
		{3CAA13FA-3F69-4B46-9CE0-88E4EAA77972}.Debug|Any CPU.Build.0 = Debug|Any CPU
		{3CAA13FA-3F69-4B46-9CE0-88E4EAA77972}.Release|Any CPU.ActiveCfg = Release|Any CPU
		{3CAA13FA-3F69-4B46-9CE0-88E4EAA77972}.Release|Any CPU.Build.0 = Release|Any CPU
		{66FAC128-F8BF-4545-8819-5EAC860F7F3D}.Debug|Any CPU.ActiveCfg = Debug|Any CPU
		{66FAC128-F8BF-4545-8819-5EAC860F7F3D}.Debug|Any CPU.Build.0 = Debug|Any CPU
		{66FAC128-F8BF-4545-8819-5EAC860F7F3D}.Release|Any CPU.ActiveCfg = Release|Any CPU
		{66FAC128-F8BF-4545-8819-5EAC860F7F3D}.Release|Any CPU.Build.0 = Release|Any CPU
		{5C01BCB0-A371-4AAE-9785-0499DD97A37B}.Debug|Any CPU.ActiveCfg = Debug|Any CPU
		{5C01BCB0-A371-4AAE-9785-0499DD97A37B}.Debug|Any CPU.Build.0 = Debug|Any CPU
		{5C01BCB0-A371-4AAE-9785-0499DD97A37B}.Release|Any CPU.ActiveCfg = Release|Any CPU
		{5C01BCB0-A371-4AAE-9785-0499DD97A37B}.Release|Any CPU.Build.0 = Release|Any CPU
		{615D2381-E055-4E2C-88BF-E690B56EDEC8}.Debug|Any CPU.ActiveCfg = Debug|Any CPU
		{615D2381-E055-4E2C-88BF-E690B56EDEC8}.Debug|Any CPU.Build.0 = Debug|Any CPU
		{615D2381-E055-4E2C-88BF-E690B56EDEC8}.Release|Any CPU.ActiveCfg = Release|Any CPU
		{615D2381-E055-4E2C-88BF-E690B56EDEC8}.Release|Any CPU.Build.0 = Release|Any CPU
		{93EE4C4F-EE16-4E56-8381-36C63325A290}.Debug|Any CPU.ActiveCfg = Debug|Any CPU
		{93EE4C4F-EE16-4E56-8381-36C63325A290}.Debug|Any CPU.Build.0 = Debug|Any CPU
		{93EE4C4F-EE16-4E56-8381-36C63325A290}.Release|Any CPU.ActiveCfg = Release|Any CPU
		{93EE4C4F-EE16-4E56-8381-36C63325A290}.Release|Any CPU.Build.0 = Release|Any CPU
		{82BBDDE2-6015-4258-B508-DADA634041B3}.Debug|Any CPU.ActiveCfg = Debug|Any CPU
		{82BBDDE2-6015-4258-B508-DADA634041B3}.Debug|Any CPU.Build.0 = Debug|Any CPU
		{82BBDDE2-6015-4258-B508-DADA634041B3}.Release|Any CPU.ActiveCfg = Release|Any CPU
		{82BBDDE2-6015-4258-B508-DADA634041B3}.Release|Any CPU.Build.0 = Release|Any CPU
		{9F7978A5-A356-4FD4-84F1-50717ECB7DD4}.Debug|Any CPU.ActiveCfg = Debug|Any CPU
		{9F7978A5-A356-4FD4-84F1-50717ECB7DD4}.Debug|Any CPU.Build.0 = Debug|Any CPU
		{9F7978A5-A356-4FD4-84F1-50717ECB7DD4}.Release|Any CPU.ActiveCfg = Release|Any CPU
		{9F7978A5-A356-4FD4-84F1-50717ECB7DD4}.Release|Any CPU.Build.0 = Release|Any CPU
		{807FC5DA-EF93-4222-9830-3A6AAC46F7CA}.Debug|Any CPU.ActiveCfg = Debug|Any CPU
		{807FC5DA-EF93-4222-9830-3A6AAC46F7CA}.Debug|Any CPU.Build.0 = Debug|Any CPU
		{807FC5DA-EF93-4222-9830-3A6AAC46F7CA}.Release|Any CPU.ActiveCfg = Release|Any CPU
		{807FC5DA-EF93-4222-9830-3A6AAC46F7CA}.Release|Any CPU.Build.0 = Release|Any CPU
		{E14EAA43-AB37-4E20-B880-15EA53736BEE}.Debug|Any CPU.ActiveCfg = Debug|Any CPU
		{E14EAA43-AB37-4E20-B880-15EA53736BEE}.Debug|Any CPU.Build.0 = Debug|Any CPU
		{E14EAA43-AB37-4E20-B880-15EA53736BEE}.Release|Any CPU.ActiveCfg = Release|Any CPU
		{E14EAA43-AB37-4E20-B880-15EA53736BEE}.Release|Any CPU.Build.0 = Release|Any CPU
		{810FFE11-0674-4BD3-881F-258905FE1C57}.Debug|Any CPU.ActiveCfg = Debug|Any CPU
		{810FFE11-0674-4BD3-881F-258905FE1C57}.Debug|Any CPU.Build.0 = Debug|Any CPU
		{810FFE11-0674-4BD3-881F-258905FE1C57}.Release|Any CPU.ActiveCfg = Release|Any CPU
		{810FFE11-0674-4BD3-881F-258905FE1C57}.Release|Any CPU.Build.0 = Release|Any CPU
		{2527B7E3-5DC6-4F7E-A33F-54156C674092}.Debug|Any CPU.ActiveCfg = Debug|Any CPU
		{2527B7E3-5DC6-4F7E-A33F-54156C674092}.Debug|Any CPU.Build.0 = Debug|Any CPU
		{2527B7E3-5DC6-4F7E-A33F-54156C674092}.Release|Any CPU.ActiveCfg = Release|Any CPU
		{2527B7E3-5DC6-4F7E-A33F-54156C674092}.Release|Any CPU.Build.0 = Release|Any CPU
		{12B96B9D-2866-47F8-B3A4-5C128F8A46CA}.Debug|Any CPU.ActiveCfg = Debug|Any CPU
		{12B96B9D-2866-47F8-B3A4-5C128F8A46CA}.Debug|Any CPU.Build.0 = Debug|Any CPU
		{12B96B9D-2866-47F8-B3A4-5C128F8A46CA}.Release|Any CPU.ActiveCfg = Release|Any CPU
		{12B96B9D-2866-47F8-B3A4-5C128F8A46CA}.Release|Any CPU.Build.0 = Release|Any CPU
		{D49CD6B2-A49E-4661-B89D-FD879BD9D335}.Debug|Any CPU.ActiveCfg = Debug|Any CPU
		{D49CD6B2-A49E-4661-B89D-FD879BD9D335}.Debug|Any CPU.Build.0 = Debug|Any CPU
		{D49CD6B2-A49E-4661-B89D-FD879BD9D335}.Release|Any CPU.ActiveCfg = Release|Any CPU
		{D49CD6B2-A49E-4661-B89D-FD879BD9D335}.Release|Any CPU.Build.0 = Release|Any CPU
		{CEB58486-8E11-4149-B6B3-B0EB7D7BD560}.Debug|Any CPU.ActiveCfg = Debug|Any CPU
		{CEB58486-8E11-4149-B6B3-B0EB7D7BD560}.Debug|Any CPU.Build.0 = Debug|Any CPU
		{CEB58486-8E11-4149-B6B3-B0EB7D7BD560}.Release|Any CPU.ActiveCfg = Release|Any CPU
		{CEB58486-8E11-4149-B6B3-B0EB7D7BD560}.Release|Any CPU.Build.0 = Release|Any CPU
		{C7CD4997-1B2B-47F2-B9A6-8FCEDE9E7806}.Debug|Any CPU.ActiveCfg = Debug|Any CPU
		{C7CD4997-1B2B-47F2-B9A6-8FCEDE9E7806}.Debug|Any CPU.Build.0 = Debug|Any CPU
		{C7CD4997-1B2B-47F2-B9A6-8FCEDE9E7806}.Release|Any CPU.ActiveCfg = Release|Any CPU
		{C7CD4997-1B2B-47F2-B9A6-8FCEDE9E7806}.Release|Any CPU.Build.0 = Release|Any CPU
		{A57AA143-6BDA-4D00-B0B4-AFE552E0959C}.Debug|Any CPU.ActiveCfg = Debug|Any CPU
		{A57AA143-6BDA-4D00-B0B4-AFE552E0959C}.Debug|Any CPU.Build.0 = Debug|Any CPU
		{A57AA143-6BDA-4D00-B0B4-AFE552E0959C}.Release|Any CPU.ActiveCfg = Release|Any CPU
		{A57AA143-6BDA-4D00-B0B4-AFE552E0959C}.Release|Any CPU.Build.0 = Release|Any CPU
		{3AFB9F43-AC18-42A8-97BB-B32140B8F576}.Debug|Any CPU.ActiveCfg = Debug|Any CPU
		{3AFB9F43-AC18-42A8-97BB-B32140B8F576}.Debug|Any CPU.Build.0 = Debug|Any CPU
		{3AFB9F43-AC18-42A8-97BB-B32140B8F576}.Release|Any CPU.ActiveCfg = Release|Any CPU
		{3AFB9F43-AC18-42A8-97BB-B32140B8F576}.Release|Any CPU.Build.0 = Release|Any CPU
		{FC559EF1-0734-4BBC-AD7C-626D49345452}.Debug|Any CPU.ActiveCfg = Debug|Any CPU
		{FC559EF1-0734-4BBC-AD7C-626D49345452}.Debug|Any CPU.Build.0 = Debug|Any CPU
		{FC559EF1-0734-4BBC-AD7C-626D49345452}.Release|Any CPU.ActiveCfg = Release|Any CPU
		{FC559EF1-0734-4BBC-AD7C-626D49345452}.Release|Any CPU.Build.0 = Release|Any CPU
		{D7E8B5BB-11D4-412A-BC7D-DE5B3E57DBD5}.Debug|Any CPU.ActiveCfg = Debug|Any CPU
		{D7E8B5BB-11D4-412A-BC7D-DE5B3E57DBD5}.Debug|Any CPU.Build.0 = Debug|Any CPU
		{D7E8B5BB-11D4-412A-BC7D-DE5B3E57DBD5}.Release|Any CPU.ActiveCfg = Release|Any CPU
		{D7E8B5BB-11D4-412A-BC7D-DE5B3E57DBD5}.Release|Any CPU.Build.0 = Release|Any CPU
		{CC9E411E-8A9E-4FD7-863F-3946BE377E8F}.Debug|Any CPU.ActiveCfg = Debug|Any CPU
		{CC9E411E-8A9E-4FD7-863F-3946BE377E8F}.Debug|Any CPU.Build.0 = Debug|Any CPU
		{CC9E411E-8A9E-4FD7-863F-3946BE377E8F}.Release|Any CPU.ActiveCfg = Release|Any CPU
		{CC9E411E-8A9E-4FD7-863F-3946BE377E8F}.Release|Any CPU.Build.0 = Release|Any CPU
		{B0697645-B198-4389-9973-D6D13DD9C44D}.Debug|Any CPU.ActiveCfg = Debug|Any CPU
		{B0697645-B198-4389-9973-D6D13DD9C44D}.Debug|Any CPU.Build.0 = Debug|Any CPU
		{B0697645-B198-4389-9973-D6D13DD9C44D}.Release|Any CPU.ActiveCfg = Release|Any CPU
		{B0697645-B198-4389-9973-D6D13DD9C44D}.Release|Any CPU.Build.0 = Release|Any CPU
		{9A12105A-F9DA-4CE0-981C-513F38FED4B3}.Debug|Any CPU.ActiveCfg = Debug|Any CPU
		{9A12105A-F9DA-4CE0-981C-513F38FED4B3}.Debug|Any CPU.Build.0 = Debug|Any CPU
		{9A12105A-F9DA-4CE0-981C-513F38FED4B3}.Release|Any CPU.ActiveCfg = Release|Any CPU
		{9A12105A-F9DA-4CE0-981C-513F38FED4B3}.Release|Any CPU.Build.0 = Release|Any CPU
		{04AC7FE5-9B72-4B75-B0D9-33E13F185C1F}.Debug|Any CPU.ActiveCfg = Debug|Any CPU
		{04AC7FE5-9B72-4B75-B0D9-33E13F185C1F}.Debug|Any CPU.Build.0 = Debug|Any CPU
		{04AC7FE5-9B72-4B75-B0D9-33E13F185C1F}.Release|Any CPU.ActiveCfg = Release|Any CPU
		{04AC7FE5-9B72-4B75-B0D9-33E13F185C1F}.Release|Any CPU.Build.0 = Release|Any CPU
		{722DBEC6-5E13-4E92-84F3-B9B1D9DCE3D9}.Debug|Any CPU.ActiveCfg = Debug|Any CPU
		{722DBEC6-5E13-4E92-84F3-B9B1D9DCE3D9}.Debug|Any CPU.Build.0 = Debug|Any CPU
		{722DBEC6-5E13-4E92-84F3-B9B1D9DCE3D9}.Release|Any CPU.ActiveCfg = Release|Any CPU
		{722DBEC6-5E13-4E92-84F3-B9B1D9DCE3D9}.Release|Any CPU.Build.0 = Release|Any CPU
		{A9636116-ADF7-4DAF-A6E8-42E0DAA4AFD6}.Debug|Any CPU.ActiveCfg = Debug|Any CPU
		{A9636116-ADF7-4DAF-A6E8-42E0DAA4AFD6}.Debug|Any CPU.Build.0 = Debug|Any CPU
		{A9636116-ADF7-4DAF-A6E8-42E0DAA4AFD6}.Release|Any CPU.ActiveCfg = Release|Any CPU
		{A9636116-ADF7-4DAF-A6E8-42E0DAA4AFD6}.Release|Any CPU.Build.0 = Release|Any CPU
		{E8255E95-E69E-4EA0-B6D1-1625C5A9F804}.Debug|Any CPU.ActiveCfg = Debug|Any CPU
		{E8255E95-E69E-4EA0-B6D1-1625C5A9F804}.Debug|Any CPU.Build.0 = Debug|Any CPU
		{E8255E95-E69E-4EA0-B6D1-1625C5A9F804}.Release|Any CPU.ActiveCfg = Release|Any CPU
		{E8255E95-E69E-4EA0-B6D1-1625C5A9F804}.Release|Any CPU.Build.0 = Release|Any CPU
		{0D29CC96-EC8E-4DED-A6FA-31170FCD6376}.Debug|Any CPU.ActiveCfg = Debug|Any CPU
		{0D29CC96-EC8E-4DED-A6FA-31170FCD6376}.Debug|Any CPU.Build.0 = Debug|Any CPU
		{0D29CC96-EC8E-4DED-A6FA-31170FCD6376}.Release|Any CPU.ActiveCfg = Release|Any CPU
		{0D29CC96-EC8E-4DED-A6FA-31170FCD6376}.Release|Any CPU.Build.0 = Release|Any CPU
		{2E6CFBD2-4FE6-47BA-9D60-105F9D8DF967}.Debug|Any CPU.ActiveCfg = Debug|Any CPU
		{2E6CFBD2-4FE6-47BA-9D60-105F9D8DF967}.Debug|Any CPU.Build.0 = Debug|Any CPU
		{2E6CFBD2-4FE6-47BA-9D60-105F9D8DF967}.Release|Any CPU.ActiveCfg = Release|Any CPU
		{2E6CFBD2-4FE6-47BA-9D60-105F9D8DF967}.Release|Any CPU.Build.0 = Release|Any CPU
		{DFCFD0CF-4261-47C4-946D-CB810780AD70}.Debug|Any CPU.ActiveCfg = Debug|Any CPU
		{DFCFD0CF-4261-47C4-946D-CB810780AD70}.Debug|Any CPU.Build.0 = Debug|Any CPU
		{DFCFD0CF-4261-47C4-946D-CB810780AD70}.Release|Any CPU.ActiveCfg = Release|Any CPU
		{DFCFD0CF-4261-47C4-946D-CB810780AD70}.Release|Any CPU.Build.0 = Release|Any CPU
		{E0DE1ECC-3956-45F7-AB99-7BD6AC765D87}.Debug|Any CPU.ActiveCfg = Debug|Any CPU
		{E0DE1ECC-3956-45F7-AB99-7BD6AC765D87}.Debug|Any CPU.Build.0 = Debug|Any CPU
		{E0DE1ECC-3956-45F7-AB99-7BD6AC765D87}.Release|Any CPU.ActiveCfg = Release|Any CPU
		{E0DE1ECC-3956-45F7-AB99-7BD6AC765D87}.Release|Any CPU.Build.0 = Release|Any CPU
		{6136CA32-F694-4239-B6CF-F2A0F3AC775F}.Debug|Any CPU.ActiveCfg = Debug|Any CPU
		{6136CA32-F694-4239-B6CF-F2A0F3AC775F}.Debug|Any CPU.Build.0 = Debug|Any CPU
		{6136CA32-F694-4239-B6CF-F2A0F3AC775F}.Release|Any CPU.ActiveCfg = Release|Any CPU
		{6136CA32-F694-4239-B6CF-F2A0F3AC775F}.Release|Any CPU.Build.0 = Release|Any CPU
		{3BFFDA79-54A7-4030-871F-EF5B9DA024B3}.Debug|Any CPU.ActiveCfg = Debug|Any CPU
		{3BFFDA79-54A7-4030-871F-EF5B9DA024B3}.Debug|Any CPU.Build.0 = Debug|Any CPU
		{3BFFDA79-54A7-4030-871F-EF5B9DA024B3}.Release|Any CPU.ActiveCfg = Release|Any CPU
		{3BFFDA79-54A7-4030-871F-EF5B9DA024B3}.Release|Any CPU.Build.0 = Release|Any CPU
		{8B0BDB80-5D30-42AC-BAC0-0DAC30357F8F}.Debug|Any CPU.ActiveCfg = Debug|Any CPU
		{8B0BDB80-5D30-42AC-BAC0-0DAC30357F8F}.Debug|Any CPU.Build.0 = Debug|Any CPU
		{8B0BDB80-5D30-42AC-BAC0-0DAC30357F8F}.Release|Any CPU.ActiveCfg = Release|Any CPU
		{8B0BDB80-5D30-42AC-BAC0-0DAC30357F8F}.Release|Any CPU.Build.0 = Release|Any CPU
		{50A6028D-B3F7-45E9-AF78-49DFE1EED638}.Debug|Any CPU.ActiveCfg = Debug|Any CPU
		{50A6028D-B3F7-45E9-AF78-49DFE1EED638}.Debug|Any CPU.Build.0 = Debug|Any CPU
		{50A6028D-B3F7-45E9-AF78-49DFE1EED638}.Release|Any CPU.ActiveCfg = Release|Any CPU
		{50A6028D-B3F7-45E9-AF78-49DFE1EED638}.Release|Any CPU.Build.0 = Release|Any CPU
		{2BF1F252-D750-4558-83DE-4F4F062125A7}.Debug|Any CPU.ActiveCfg = Debug|Any CPU
		{2BF1F252-D750-4558-83DE-4F4F062125A7}.Debug|Any CPU.Build.0 = Debug|Any CPU
		{2BF1F252-D750-4558-83DE-4F4F062125A7}.Release|Any CPU.ActiveCfg = Release|Any CPU
		{2BF1F252-D750-4558-83DE-4F4F062125A7}.Release|Any CPU.Build.0 = Release|Any CPU
		{35EFA4BA-C94D-4E17-B29C-1E83F6F738C1}.Debug|Any CPU.ActiveCfg = Debug|Any CPU
		{35EFA4BA-C94D-4E17-B29C-1E83F6F738C1}.Debug|Any CPU.Build.0 = Debug|Any CPU
		{35EFA4BA-C94D-4E17-B29C-1E83F6F738C1}.Release|Any CPU.ActiveCfg = Release|Any CPU
		{35EFA4BA-C94D-4E17-B29C-1E83F6F738C1}.Release|Any CPU.Build.0 = Release|Any CPU
		{CF000177-93DD-40E7-A987-57313D4488CD}.Debug|Any CPU.ActiveCfg = Debug|Any CPU
		{CF000177-93DD-40E7-A987-57313D4488CD}.Debug|Any CPU.Build.0 = Debug|Any CPU
		{CF000177-93DD-40E7-A987-57313D4488CD}.Release|Any CPU.ActiveCfg = Release|Any CPU
		{CF000177-93DD-40E7-A987-57313D4488CD}.Release|Any CPU.Build.0 = Release|Any CPU
		{3FC7D11A-7C16-4157-A599-02DD53CCFE40}.Debug|Any CPU.ActiveCfg = Debug|Any CPU
		{3FC7D11A-7C16-4157-A599-02DD53CCFE40}.Debug|Any CPU.Build.0 = Debug|Any CPU
		{3FC7D11A-7C16-4157-A599-02DD53CCFE40}.Release|Any CPU.ActiveCfg = Release|Any CPU
		{3FC7D11A-7C16-4157-A599-02DD53CCFE40}.Release|Any CPU.Build.0 = Release|Any CPU
		{C55BB71E-8E21-4478-9D1F-9C0C6F2E9AA3}.Debug|Any CPU.ActiveCfg = Debug|Any CPU
		{C55BB71E-8E21-4478-9D1F-9C0C6F2E9AA3}.Debug|Any CPU.Build.0 = Debug|Any CPU
		{C55BB71E-8E21-4478-9D1F-9C0C6F2E9AA3}.Release|Any CPU.ActiveCfg = Release|Any CPU
		{C55BB71E-8E21-4478-9D1F-9C0C6F2E9AA3}.Release|Any CPU.Build.0 = Release|Any CPU
		{43306625-29BF-460C-96ED-8FB307DC3685}.Debug|Any CPU.ActiveCfg = Debug|Any CPU
		{43306625-29BF-460C-96ED-8FB307DC3685}.Debug|Any CPU.Build.0 = Debug|Any CPU
		{43306625-29BF-460C-96ED-8FB307DC3685}.Release|Any CPU.ActiveCfg = Release|Any CPU
		{43306625-29BF-460C-96ED-8FB307DC3685}.Release|Any CPU.Build.0 = Release|Any CPU
		{248AB1DB-4C1A-43C1-AC6C-7BB56014C398}.Debug|Any CPU.ActiveCfg = Debug|Any CPU
		{248AB1DB-4C1A-43C1-AC6C-7BB56014C398}.Debug|Any CPU.Build.0 = Debug|Any CPU
		{248AB1DB-4C1A-43C1-AC6C-7BB56014C398}.Release|Any CPU.ActiveCfg = Release|Any CPU
		{248AB1DB-4C1A-43C1-AC6C-7BB56014C398}.Release|Any CPU.Build.0 = Release|Any CPU
	EndGlobalSection
	GlobalSection(SolutionProperties) = preSolution
		HideSolutionNode = FALSE
	EndGlobalSection
	GlobalSection(NestedProjects) = preSolution
		{C60DFABE-15E4-42AA-9FAA-39A1C581CFEE} = {F033D81D-7177-4B4F-AF6A-B8B1729BB94A}
		{BCC793C2-FF1B-4730-9984-8F3A82CF9054} = {C60DFABE-15E4-42AA-9FAA-39A1C581CFEE}
		{58BD3823-E72B-4CD1-9B8D-D72B5A3DB3D8} = {C60DFABE-15E4-42AA-9FAA-39A1C581CFEE}
		{58E4C4F7-FA0A-457E-9644-A72E04235C05} = {C60DFABE-15E4-42AA-9FAA-39A1C581CFEE}
		{3CAA13FA-3F69-4B46-9CE0-88E4EAA77972} = {C60DFABE-15E4-42AA-9FAA-39A1C581CFEE}
		{66FAC128-F8BF-4545-8819-5EAC860F7F3D} = {C60DFABE-15E4-42AA-9FAA-39A1C581CFEE}
		{5C01BCB0-A371-4AAE-9785-0499DD97A37B} = {BB9A88FA-5D87-4811-88DC-EE8A045E10E8}
		{615D2381-E055-4E2C-88BF-E690B56EDEC8} = {BB9A88FA-5D87-4811-88DC-EE8A045E10E8}
		{559B8B3A-48A6-4EE4-92EB-EE9E0AC0117B} = {F033D81D-7177-4B4F-AF6A-B8B1729BB94A}
		{93EE4C4F-EE16-4E56-8381-36C63325A290} = {BB9A88FA-5D87-4811-88DC-EE8A045E10E8}
		{82BBDDE2-6015-4258-B508-DADA634041B3} = {BB9A88FA-5D87-4811-88DC-EE8A045E10E8}
		{9F7978A5-A356-4FD4-84F1-50717ECB7DD4} = {BB9A88FA-5D87-4811-88DC-EE8A045E10E8}
		{807FC5DA-EF93-4222-9830-3A6AAC46F7CA} = {559B8B3A-48A6-4EE4-92EB-EE9E0AC0117B}
		{E14EAA43-AB37-4E20-B880-15EA53736BEE} = {559B8B3A-48A6-4EE4-92EB-EE9E0AC0117B}
		{810FFE11-0674-4BD3-881F-258905FE1C57} = {559B8B3A-48A6-4EE4-92EB-EE9E0AC0117B}
		{2527B7E3-5DC6-4F7E-A33F-54156C674092} = {559B8B3A-48A6-4EE4-92EB-EE9E0AC0117B}
		{12B96B9D-2866-47F8-B3A4-5C128F8A46CA} = {559B8B3A-48A6-4EE4-92EB-EE9E0AC0117B}
		{D49CD6B2-A49E-4661-B89D-FD879BD9D335} = {F31A102D-412C-4BB9-B465-A6D7FD0414A4}
		{CEB58486-8E11-4149-B6B3-B0EB7D7BD560} = {BB9A88FA-5D87-4811-88DC-EE8A045E10E8}
		{F4ABB2CE-A552-47EB-B704-B27CDADAA38F} = {F033D81D-7177-4B4F-AF6A-B8B1729BB94A}
		{C7CD4997-1B2B-47F2-B9A6-8FCEDE9E7806} = {F4ABB2CE-A552-47EB-B704-B27CDADAA38F}
		{A57AA143-6BDA-4D00-B0B4-AFE552E0959C} = {F4ABB2CE-A552-47EB-B704-B27CDADAA38F}
		{3AFB9F43-AC18-42A8-97BB-B32140B8F576} = {F4ABB2CE-A552-47EB-B704-B27CDADAA38F}
		{FC559EF1-0734-4BBC-AD7C-626D49345452} = {F4ABB2CE-A552-47EB-B704-B27CDADAA38F}
		{D7E8B5BB-11D4-412A-BC7D-DE5B3E57DBD5} = {F4ABB2CE-A552-47EB-B704-B27CDADAA38F}
		{CC9E411E-8A9E-4FD7-863F-3946BE377E8F} = {BB9A88FA-5D87-4811-88DC-EE8A045E10E8}
		{3EAA3EE2-6868-49C7-9E4E-ED71A47A51E3} = {FF790A4F-D843-48FC-B4FC-828A24FFF53F}
		{B0697645-B198-4389-9973-D6D13DD9C44D} = {3EAA3EE2-6868-49C7-9E4E-ED71A47A51E3}
		{9A12105A-F9DA-4CE0-981C-513F38FED4B3} = {3EAA3EE2-6868-49C7-9E4E-ED71A47A51E3}
		{04AC7FE5-9B72-4B75-B0D9-33E13F185C1F} = {3EAA3EE2-6868-49C7-9E4E-ED71A47A51E3}
		{297C0FC0-4091-4975-8539-011C934DFD40} = {F033D81D-7177-4B4F-AF6A-B8B1729BB94A}
		{722DBEC6-5E13-4E92-84F3-B9B1D9DCE3D9} = {297C0FC0-4091-4975-8539-011C934DFD40}
		{A9636116-ADF7-4DAF-A6E8-42E0DAA4AFD6} = {297C0FC0-4091-4975-8539-011C934DFD40}
		{E8255E95-E69E-4EA0-B6D1-1625C5A9F804} = {297C0FC0-4091-4975-8539-011C934DFD40}
		{0D29CC96-EC8E-4DED-A6FA-31170FCD6376} = {297C0FC0-4091-4975-8539-011C934DFD40}
		{2E6CFBD2-4FE6-47BA-9D60-105F9D8DF967} = {297C0FC0-4091-4975-8539-011C934DFD40}
		{E609B3C5-351D-45BD-BBFF-D0145C8440FB} = {F033D81D-7177-4B4F-AF6A-B8B1729BB94A}
		{DFCFD0CF-4261-47C4-946D-CB810780AD70} = {E609B3C5-351D-45BD-BBFF-D0145C8440FB}
		{E0DE1ECC-3956-45F7-AB99-7BD6AC765D87} = {E609B3C5-351D-45BD-BBFF-D0145C8440FB}
		{6136CA32-F694-4239-B6CF-F2A0F3AC775F} = {E609B3C5-351D-45BD-BBFF-D0145C8440FB}
		{3BFFDA79-54A7-4030-871F-EF5B9DA024B3} = {E609B3C5-351D-45BD-BBFF-D0145C8440FB}
		{8B0BDB80-5D30-42AC-BAC0-0DAC30357F8F} = {E609B3C5-351D-45BD-BBFF-D0145C8440FB}
		{FF722346-D8A7-46EF-9857-5536F87E1AF0} = {F033D81D-7177-4B4F-AF6A-B8B1729BB94A}
		{50A6028D-B3F7-45E9-AF78-49DFE1EED638} = {FF722346-D8A7-46EF-9857-5536F87E1AF0}
		{2BF1F252-D750-4558-83DE-4F4F062125A7} = {FF722346-D8A7-46EF-9857-5536F87E1AF0}
		{35EFA4BA-C94D-4E17-B29C-1E83F6F738C1} = {FF722346-D8A7-46EF-9857-5536F87E1AF0}
		{CF000177-93DD-40E7-A987-57313D4488CD} = {FF722346-D8A7-46EF-9857-5536F87E1AF0}
		{3FC7D11A-7C16-4157-A599-02DD53CCFE40} = {FF722346-D8A7-46EF-9857-5536F87E1AF0}
		{C55BB71E-8E21-4478-9D1F-9C0C6F2E9AA3} = {3EAA3EE2-6868-49C7-9E4E-ED71A47A51E3}
		{43306625-29BF-460C-96ED-8FB307DC3685} = {3EAA3EE2-6868-49C7-9E4E-ED71A47A51E3}
		{248AB1DB-4C1A-43C1-AC6C-7BB56014C398} = {3EAA3EE2-6868-49C7-9E4E-ED71A47A51E3}
	EndGlobalSection
	GlobalSection(ExtensibilityGlobals) = postSolution
		SolutionGuid = {611B7AEE-146C-4C06-B3A9-5A43807EEAB3}
	EndGlobalSection
EndGlobal
